{
  "nodes": {
    "home-manager": {
      "inputs": {
        "nixpkgs": [
          "nixpkgs"
        ]
      },
      "locked": {
        "lastModified": 1713547559,
        "narHash": "sha256-zju60y4pyYQoRmqhbgkw+jwmKZReVsCNvb8mZxID2Do=",
        "owner": "nix-community",
        "repo": "home-manager",
        "rev": "938357cb234e85da37109df2cdd9cc59ab9c1cc0",
        "type": "github"
      },
      "original": {
        "owner": "nix-community",
        "repo": "home-manager",
        "type": "github"
      }
    },
    "nixpkgs": {
      "locked": {
        "lastModified": 1713297878,
        "narHash": "sha256-hOkzkhLT59wR8VaMbh1ESjtZLbGi+XNaBN6h49SPqEc=",
        "owner": "nixos",
        "repo": "nixpkgs",
        "rev": "66adc1e47f8784803f2deb6cacd5e07264ec2d5c",
        "type": "github"
      },
      "original": {
        "owner": "nixos",
        "ref": "nixos-unstable",
        "repo": "nixpkgs",
        "type": "github"
      }
    },
    "root": {
      "inputs": {
        "home-manager": "home-manager",
        "nixpkgs": "nixpkgs",
        "xmonad-contexts": "xmonad-contexts"
      }
    },
    "xmonad-contexts": {
      "flake": false,
      "locked": {
        "lastModified": 1656278379,
        "narHash": "sha256-8mUFsKF/uW3+DkmK5vwTF+IfWzPupcms/C3EHSEAWnU=",
        "owner": "Procrat",
        "repo": "xmonad-contexts",
        "rev": "d0de588e4d47e124cca788f0961821053fdbf646",
        "type": "github"
      },
      "original": {
        "owner": "Procrat",
        "repo": "xmonad-contexts",
        "type": "github"
      }
    }
  },
  "root": "root",
  "version": 7
}
